
Microsoft Visual Studio Solution File, Format Version 12.00
# Visual Studio Version 17
VisualStudioVersion = 17.1.32421.90
MinimumVisualStudioVersion = 10.0.40219.1
Project("{FAE04EC0-301F-11D3-BF4B-00C04F79EFBC}") = "WebAppJobPortal", "WebAppJobPortal\WebAppJobPortal.csproj", "{31536379-5A06-433F-8AE4-8E555760644B}"
EndProject
Global
	GlobalSection(SolutionConfigurationPlatforms) = preSolution
		Debug|Any CPU = Debug|Any CPU
		Release|Any CPU = Release|Any CPU
	EndGlobalSection
	GlobalSection(ProjectConfigurationPlatforms) = postSolution
		{31536379-5A06-433F-8AE4-8E555760644B}.Debug|Any CPU.ActiveCfg = Debug|Any CPU
		{31536379-5A06-433F-8AE4-8E555760644B}.Debug|Any CPU.Build.0 = Debug|Any CPU
		{31536379-5A06-433F-8AE4-8E555760644B}.Release|Any CPU.ActiveCfg = Release|Any CPU
		{31536379-5A06-433F-8AE4-8E555760644B}.Release|Any CPU.Build.0 = Release|Any CPU
	EndGlobalSection
	GlobalSection(SolutionProperties) = preSolution
		HideSolutionNode = FALSE
	EndGlobalSection
	GlobalSection(ExtensibilityGlobals) = postSolution
		SolutionGuid = {F2D25A97-3A31-48EF-8108-91DB6359A013}
	EndGlobalSection
EndGlobal
