
Microsoft Visual Studio Solution File, Format Version 12.00
# Visual Studio Version 17
VisualStudioVersion = 17.1.32421.90
MinimumVisualStudioVersion = 10.0.40219.1
Project("{9A19103F-16F7-4668-BE54-9A1E7A4F7556}") = "WebApplicationAPI", "WebApplicationAPI\WebApplicationAPI.csproj", "{7976BAEB-4820-4D29-A687-9EE0B3800F90}"
EndProject
Project("{FAE04EC0-301F-11D3-BF4B-00C04F79EFBC}") = "WebApplicationApiTesting", "WebApplicationApiTesting\WebApplicationApiTesting.csproj", "{EE784E6F-5063-49BA-9DD6-7F9B190707F5}"
EndProject
Global
	GlobalSection(SolutionConfigurationPlatforms) = preSolution
		Debug|Any CPU = Debug|Any CPU
		Release|Any CPU = Release|Any CPU
	EndGlobalSection
	GlobalSection(ProjectConfigurationPlatforms) = postSolution
		{7976BAEB-4820-4D29-A687-9EE0B3800F90}.Debug|Any CPU.ActiveCfg = Debug|Any CPU
		{7976BAEB-4820-4D29-A687-9EE0B3800F90}.Debug|Any CPU.Build.0 = Debug|Any CPU
		{7976BAEB-4820-4D29-A687-9EE0B3800F90}.Release|Any CPU.ActiveCfg = Release|Any CPU
		{7976BAEB-4820-4D29-A687-9EE0B3800F90}.Release|Any CPU.Build.0 = Release|Any CPU
		{EE784E6F-5063-49BA-9DD6-7F9B190707F5}.Debug|Any CPU.ActiveCfg = Debug|Any CPU
		{EE784E6F-5063-49BA-9DD6-7F9B190707F5}.Debug|Any CPU.Build.0 = Debug|Any CPU
		{EE784E6F-5063-49BA-9DD6-7F9B190707F5}.Release|Any CPU.ActiveCfg = Release|Any CPU
		{EE784E6F-5063-49BA-9DD6-7F9B190707F5}.Release|Any CPU.Build.0 = Release|Any CPU
	EndGlobalSection
	GlobalSection(SolutionProperties) = preSolution
		HideSolutionNode = FALSE
	EndGlobalSection
	GlobalSection(ExtensibilityGlobals) = postSolution
		SolutionGuid = {973C2D88-58F5-46A5-ABA4-D3122A5D2096}
	EndGlobalSection
EndGlobal
